// !$*UTF8*$!
{
	archiveVersion = 1;
	classes = {
	};
	objectVersion = 46;
	objects = {

/* Begin PBXBuildFile section */
		CE1C3F3C1C1833C000F0402F /* notification_icon.png in Resources */ = {isa = PBXBuildFile; fileRef = CE1C3F3B1C1833C000F0402F /* notification_icon.png */; };
		CE1C3F3E1C18340500F0402F /* dashboard_icon@2x.png in Resources */ = {isa = PBXBuildFile; fileRef = CE1C3F3D1C18340500F0402F /* dashboard_icon@2x.png */; };
		CE1C3F401C18342200F0402F /* dashboard_icon.png in Resources */ = {isa = PBXBuildFile; fileRef = CE1C3F3F1C18342200F0402F /* dashboard_icon.png */; };
		CE1C3F421C1835AB00F0402F /* profile_image@2x.png in Resources */ = {isa = PBXBuildFile; fileRef = CE1C3F411C1835AB00F0402F /* profile_image@2x.png */; };
		CE394F371C18363200FBE601 /* profile_image.png in Resources */ = {isa = PBXBuildFile; fileRef = CE394F361C18363200FBE601 /* profile_image.png */; };
		CE394F3A1C1837BE00FBE601 /* profile_image@3x.png in Resources */ = {isa = PBXBuildFile; fileRef = CE394F391C1837BE00FBE601 /* profile_image@3x.png */; };
		CE394F3C1C18381F00FBE601 /* dashboard_icon@3x.png in Resources */ = {isa = PBXBuildFile; fileRef = CE394F3B1C18381F00FBE601 /* dashboard_icon@3x.png */; };
		CE394F3E1C1838A000FBE601 /* group_icon@3x.png in Resources */ = {isa = PBXBuildFile; fileRef = CE394F3D1C1838A000FBE601 /* group_icon@3x.png */; };
		CE394F401C1838D900FBE601 /* mine_icon@3x.png in Resources */ = {isa = PBXBuildFile; fileRef = CE394F3F1C1838D900FBE601 /* mine_icon@3x.png */; };
		CE394F421C18391100FBE601 /* sign_up_facebook@3x.png in Resources */ = {isa = PBXBuildFile; fileRef = CE394F411C18391100FBE601 /* sign_up_facebook@3x.png */; };
		CE394F441C18394100FBE601 /* sign_up_google@3x.png in Resources */ = {isa = PBXBuildFile; fileRef = CE394F431C18394100FBE601 /* sign_up_google@3x.png */; };
		CE394F461C18398800FBE601 /* logo_icon@3x.png in Resources */ = {isa = PBXBuildFile; fileRef = CE394F451C18398800FBE601 /* logo_icon@3x.png */; };
		CE394F4A1C1841DF00FBE601 /* Reachability.m in Sources */ = {isa = PBXBuildFile; fileRef = CE394F491C1841DF00FBE601 /* Reachability.m */; };
		CE394F4E1C18468000FBE601 /* Constants.m in Sources */ = {isa = PBXBuildFile; fileRef = CE394F4D1C18468000FBE601 /* Constants.m */; };
		CE394F561C185A4500FBE601 /* Bolts.framework in Frameworks */ = {isa = PBXBuildFile; fileRef = CE394F501C185A4500FBE601 /* Bolts.framework */; };
		CE394F571C185A4500FBE601 /* FacebookSDKStrings.bundle in Resources */ = {isa = PBXBuildFile; fileRef = CE394F511C185A4500FBE601 /* FacebookSDKStrings.bundle */; };
		CE394F581C185A4500FBE601 /* FBAudienceNetwork.framework in Frameworks */ = {isa = PBXBuildFile; fileRef = CE394F521C185A4500FBE601 /* FBAudienceNetwork.framework */; };
		CE394F591C185A4500FBE601 /* FBSDKCoreKit.framework in Frameworks */ = {isa = PBXBuildFile; fileRef = CE394F531C185A4500FBE601 /* FBSDKCoreKit.framework */; };
		CE394F5A1C185A4500FBE601 /* FBSDKLoginKit.framework in Frameworks */ = {isa = PBXBuildFile; fileRef = CE394F541C185A4500FBE601 /* FBSDKLoginKit.framework */; };
		CE394F5B1C185A4500FBE601 /* FBSDKShareKit.framework in Frameworks */ = {isa = PBXBuildFile; fileRef = CE394F551C185A4500FBE601 /* FBSDKShareKit.framework */; };
		CE4024FE1C18297C0044C8AC /* logo_icon.png in Resources */ = {isa = PBXBuildFile; fileRef = CE4024FD1C18297C0044C8AC /* logo_icon.png */; };
		CE4025001C182C0A0044C8AC /* sign_up_google@2x.png in Resources */ = {isa = PBXBuildFile; fileRef = CE4024FF1C182C0A0044C8AC /* sign_up_google@2x.png */; };
		CE552A1C1C15914F00EA2A97 /* main.m in Sources */ = {isa = PBXBuildFile; fileRef = CE552A1B1C15914F00EA2A97 /* main.m */; };
		CE552A1F1C15914F00EA2A97 /* AppDelegate.m in Sources */ = {isa = PBXBuildFile; fileRef = CE552A1E1C15914F00EA2A97 /* AppDelegate.m */; };
		CE552A221C15914F00EA2A97 /* ViewController.m in Sources */ = {isa = PBXBuildFile; fileRef = CE552A211C15914F00EA2A97 /* ViewController.m */; };
		CE552A251C15914F00EA2A97 /* Main.storyboard in Resources */ = {isa = PBXBuildFile; fileRef = CE552A231C15914F00EA2A97 /* Main.storyboard */; };
		CE552A271C15915000EA2A97 /* Assets.xcassets in Resources */ = {isa = PBXBuildFile; fileRef = CE552A261C15915000EA2A97 /* Assets.xcassets */; };
		CE552A2A1C15915000EA2A97 /* LaunchScreen.storyboard in Resources */ = {isa = PBXBuildFile; fileRef = CE552A281C15915000EA2A97 /* LaunchScreen.storyboard */; };
		CE552A351C15915500EA2A97 /* ShareMateTests.m in Sources */ = {isa = PBXBuildFile; fileRef = CE552A341C15915500EA2A97 /* ShareMateTests.m */; };
		CE552A401C15915600EA2A97 /* ShareMateUITests.m in Sources */ = {isa = PBXBuildFile; fileRef = CE552A3F1C15915600EA2A97 /* ShareMateUITests.m */; };
		CE552A571C1597BD00EA2A97 /* LoginViewController.m in Sources */ = {isa = PBXBuildFile; fileRef = CE552A561C1597BD00EA2A97 /* LoginViewController.m */; };
		CE552A611C15BEFF00EA2A97 /* DashboardViewController.m in Sources */ = {isa = PBXBuildFile; fileRef = CE552A601C15BEFF00EA2A97 /* DashboardViewController.m */; };
		CE5B425D1C182CB900464FE6 /* sign_up_google.png in Resources */ = {isa = PBXBuildFile; fileRef = CE5B425C1C182CB900464FE6 /* sign_up_google.png */; };
		CE5B425F1C182D0C00464FE6 /* sign_up_facebook@2x.png in Resources */ = {isa = PBXBuildFile; fileRef = CE5B425E1C182D0C00464FE6 /* sign_up_facebook@2x.png */; };
		CE5B42611C182D2800464FE6 /* sign_up_facebook.png in Resources */ = {isa = PBXBuildFile; fileRef = CE5B42601C182D2800464FE6 /* sign_up_facebook.png */; };
		CE5B42631C18326D00464FE6 /* mine_icon@2x.png in Resources */ = {isa = PBXBuildFile; fileRef = CE5B42621C18326D00464FE6 /* mine_icon@2x.png */; };
		CE5B42651C1832AC00464FE6 /* mine_icon.png in Resources */ = {isa = PBXBuildFile; fileRef = CE5B42641C1832AC00464FE6 /* mine_icon.png */; };
		CE5B42671C1832DB00464FE6 /* group_icon@2x.png in Resources */ = {isa = PBXBuildFile; fileRef = CE5B42661C1832DB00464FE6 /* group_icon@2x.png */; };
		CE5B42691C18330D00464FE6 /* group_icon.png in Resources */ = {isa = PBXBuildFile; fileRef = CE5B42681C18330D00464FE6 /* group_icon.png */; };
		CE5B426B1C18333A00464FE6 /* notification_icon@2x.png in Resources */ = {isa = PBXBuildFile; fileRef = CE5B426A1C18333A00464FE6 /* notification_icon@2x.png */; };
		CE5C62571C1828DB00871E3D /* logo_icon@2x.png in Resources */ = {isa = PBXBuildFile; fileRef = CE5C62561C1828DB00871E3D /* logo_icon@2x.png */; };
		CE8EF31D1C168DF900AF7CCE /* DashboardCell.m in Sources */ = {isa = PBXBuildFile; fileRef = CE8EF31B1C168DF900AF7CCE /* DashboardCell.m */; };
		CE8EF31E1C168DF900AF7CCE /* DashboardCell.xib in Resources */ = {isa = PBXBuildFile; fileRef = CE8EF31C1C168DF900AF7CCE /* DashboardCell.xib */; };
		CE8EF3221C1690A800AF7CCE /* graph_cell.png in Resources */ = {isa = PBXBuildFile; fileRef = CE8EF3211C1690A800AF7CCE /* graph_cell.png */; };
/* End PBXBuildFile section */

/* Begin PBXContainerItemProxy section */
		CE552A311C15915500EA2A97 /* PBXContainerItemProxy */ = {
			isa = PBXContainerItemProxy;
			containerPortal = CE552A0F1C15914F00EA2A97 /* Project object */;
			proxyType = 1;
			remoteGlobalIDString = CE552A161C15914F00EA2A97;
			remoteInfo = ShareMate;
		};
		CE552A3C1C15915500EA2A97 /* PBXContainerItemProxy */ = {
			isa = PBXContainerItemProxy;
			containerPortal = CE552A0F1C15914F00EA2A97 /* Project object */;
			proxyType = 1;
			remoteGlobalIDString = CE552A161C15914F00EA2A97;
			remoteInfo = ShareMate;
		};
/* End PBXContainerItemProxy section */

/* Begin PBXFileReference section */
		CE1C3F3B1C1833C000F0402F /* notification_icon.png */ = {isa = PBXFileReference; lastKnownFileType = image.png; path = notification_icon.png; sourceTree = "<group>"; };
		CE1C3F3D1C18340500F0402F /* dashboard_icon@2x.png */ = {isa = PBXFileReference; lastKnownFileType = image.png; path = "dashboard_icon@2x.png"; sourceTree = "<group>"; };
		CE1C3F3F1C18342200F0402F /* dashboard_icon.png */ = {isa = PBXFileReference; lastKnownFileType = image.png; path = dashboard_icon.png; sourceTree = "<group>"; };
		CE1C3F411C1835AB00F0402F /* profile_image@2x.png */ = {isa = PBXFileReference; lastKnownFileType = image.png; path = "profile_image@2x.png"; sourceTree = "<group>"; };
		CE394F361C18363200FBE601 /* profile_image.png */ = {isa = PBXFileReference; lastKnownFileType = image.png; path = profile_image.png; sourceTree = "<group>"; };
		CE394F391C1837BE00FBE601 /* profile_image@3x.png */ = {isa = PBXFileReference; lastKnownFileType = image.png; path = "profile_image@3x.png"; sourceTree = "<group>"; };
		CE394F3B1C18381F00FBE601 /* dashboard_icon@3x.png */ = {isa = PBXFileReference; lastKnownFileType = image.png; path = "dashboard_icon@3x.png"; sourceTree = "<group>"; };
		CE394F3D1C1838A000FBE601 /* group_icon@3x.png */ = {isa = PBXFileReference; lastKnownFileType = image.png; path = "group_icon@3x.png"; sourceTree = "<group>"; };
		CE394F3F1C1838D900FBE601 /* mine_icon@3x.png */ = {isa = PBXFileReference; lastKnownFileType = image.png; path = "mine_icon@3x.png"; sourceTree = "<group>"; };
		CE394F411C18391100FBE601 /* sign_up_facebook@3x.png */ = {isa = PBXFileReference; lastKnownFileType = image.png; path = "sign_up_facebook@3x.png"; sourceTree = "<group>"; };
		CE394F431C18394100FBE601 /* sign_up_google@3x.png */ = {isa = PBXFileReference; lastKnownFileType = image.png; path = "sign_up_google@3x.png"; sourceTree = "<group>"; };
		CE394F451C18398800FBE601 /* logo_icon@3x.png */ = {isa = PBXFileReference; lastKnownFileType = image.png; path = "logo_icon@3x.png"; sourceTree = "<group>"; };
		CE394F481C1841DF00FBE601 /* Reachability.h */ = {isa = PBXFileReference; fileEncoding = 4; lastKnownFileType = sourcecode.c.h; path = Reachability.h; sourceTree = "<group>"; };
		CE394F491C1841DF00FBE601 /* Reachability.m */ = {isa = PBXFileReference; fileEncoding = 4; lastKnownFileType = sourcecode.c.objc; path = Reachability.m; sourceTree = "<group>"; };
		CE394F4C1C18468000FBE601 /* Constants.h */ = {isa = PBXFileReference; fileEncoding = 4; lastKnownFileType = sourcecode.c.h; path = Constants.h; sourceTree = "<group>"; };
		CE394F4D1C18468000FBE601 /* Constants.m */ = {isa = PBXFileReference; fileEncoding = 4; lastKnownFileType = sourcecode.c.objc; path = Constants.m; sourceTree = "<group>"; };
		CE394F501C185A4500FBE601 /* Bolts.framework */ = {isa = PBXFileReference; lastKnownFileType = wrapper.framework; path = Bolts.framework; sourceTree = "<group>"; };
		CE394F511C185A4500FBE601 /* FacebookSDKStrings.bundle */ = {isa = PBXFileReference; lastKnownFileType = "wrapper.plug-in"; path = FacebookSDKStrings.bundle; sourceTree = "<group>"; };
		CE394F521C185A4500FBE601 /* FBAudienceNetwork.framework */ = {isa = PBXFileReference; lastKnownFileType = wrapper.framework; path = FBAudienceNetwork.framework; sourceTree = "<group>"; };
		CE394F531C185A4500FBE601 /* FBSDKCoreKit.framework */ = {isa = PBXFileReference; lastKnownFileType = wrapper.framework; path = FBSDKCoreKit.framework; sourceTree = "<group>"; };
		CE394F541C185A4500FBE601 /* FBSDKLoginKit.framework */ = {isa = PBXFileReference; lastKnownFileType = wrapper.framework; path = FBSDKLoginKit.framework; sourceTree = "<group>"; };
		CE394F551C185A4500FBE601 /* FBSDKShareKit.framework */ = {isa = PBXFileReference; lastKnownFileType = wrapper.framework; path = FBSDKShareKit.framework; sourceTree = "<group>"; };
		CE4024FD1C18297C0044C8AC /* logo_icon.png */ = {isa = PBXFileReference; lastKnownFileType = image.png; path = logo_icon.png; sourceTree = "<group>"; };
		CE4024FF1C182C0A0044C8AC /* sign_up_google@2x.png */ = {isa = PBXFileReference; lastKnownFileType = image.png; path = "sign_up_google@2x.png"; sourceTree = "<group>"; };
		CE552A171C15914F00EA2A97 /* ShareMate.app */ = {isa = PBXFileReference; explicitFileType = wrapper.application; includeInIndex = 0; path = ShareMate.app; sourceTree = BUILT_PRODUCTS_DIR; };
		CE552A1B1C15914F00EA2A97 /* main.m */ = {isa = PBXFileReference; lastKnownFileType = sourcecode.c.objc; path = main.m; sourceTree = "<group>"; };
		CE552A1D1C15914F00EA2A97 /* AppDelegate.h */ = {isa = PBXFileReference; lastKnownFileType = sourcecode.c.h; path = AppDelegate.h; sourceTree = "<group>"; };
		CE552A1E1C15914F00EA2A97 /* AppDelegate.m */ = {isa = PBXFileReference; lastKnownFileType = sourcecode.c.objc; path = AppDelegate.m; sourceTree = "<group>"; };
		CE552A201C15914F00EA2A97 /* ViewController.h */ = {isa = PBXFileReference; lastKnownFileType = sourcecode.c.h; path = ViewController.h; sourceTree = "<group>"; };
		CE552A211C15914F00EA2A97 /* ViewController.m */ = {isa = PBXFileReference; lastKnownFileType = sourcecode.c.objc; path = ViewController.m; sourceTree = "<group>"; };
		CE552A241C15914F00EA2A97 /* Base */ = {isa = PBXFileReference; lastKnownFileType = file.storyboard; name = Base; path = Base.lproj/Main.storyboard; sourceTree = "<group>"; };
		CE552A261C15915000EA2A97 /* Assets.xcassets */ = {isa = PBXFileReference; lastKnownFileType = folder.assetcatalog; path = Assets.xcassets; sourceTree = "<group>"; };
		CE552A291C15915000EA2A97 /* Base */ = {isa = PBXFileReference; lastKnownFileType = file.storyboard; name = Base; path = Base.lproj/LaunchScreen.storyboard; sourceTree = "<group>"; };
		CE552A2B1C15915000EA2A97 /* Info.plist */ = {isa = PBXFileReference; lastKnownFileType = text.plist.xml; path = Info.plist; sourceTree = "<group>"; };
		CE552A301C15915500EA2A97 /* ShareMateTests.xctest */ = {isa = PBXFileReference; explicitFileType = wrapper.cfbundle; includeInIndex = 0; path = ShareMateTests.xctest; sourceTree = BUILT_PRODUCTS_DIR; };
		CE552A341C15915500EA2A97 /* ShareMateTests.m */ = {isa = PBXFileReference; lastKnownFileType = sourcecode.c.objc; path = ShareMateTests.m; sourceTree = "<group>"; };
		CE552A361C15915500EA2A97 /* Info.plist */ = {isa = PBXFileReference; lastKnownFileType = text.plist.xml; path = Info.plist; sourceTree = "<group>"; };
		CE552A3B1C15915500EA2A97 /* ShareMateUITests.xctest */ = {isa = PBXFileReference; explicitFileType = wrapper.cfbundle; includeInIndex = 0; path = ShareMateUITests.xctest; sourceTree = BUILT_PRODUCTS_DIR; };
		CE552A3F1C15915600EA2A97 /* ShareMateUITests.m */ = {isa = PBXFileReference; lastKnownFileType = sourcecode.c.objc; path = ShareMateUITests.m; sourceTree = "<group>"; };
		CE552A411C15915600EA2A97 /* Info.plist */ = {isa = PBXFileReference; lastKnownFileType = text.plist.xml; path = Info.plist; sourceTree = "<group>"; };
		CE552A551C1597BD00EA2A97 /* LoginViewController.h */ = {isa = PBXFileReference; fileEncoding = 4; lastKnownFileType = sourcecode.c.h; path = LoginViewController.h; sourceTree = "<group>"; };
		CE552A561C1597BD00EA2A97 /* LoginViewController.m */ = {isa = PBXFileReference; fileEncoding = 4; lastKnownFileType = sourcecode.c.objc; path = LoginViewController.m; sourceTree = "<group>"; };
		CE552A5F1C15BEFF00EA2A97 /* DashboardViewController.h */ = {isa = PBXFileReference; fileEncoding = 4; lastKnownFileType = sourcecode.c.h; path = DashboardViewController.h; sourceTree = "<group>"; };
		CE552A601C15BEFF00EA2A97 /* DashboardViewController.m */ = {isa = PBXFileReference; fileEncoding = 4; lastKnownFileType = sourcecode.c.objc; path = DashboardViewController.m; sourceTree = "<group>"; };
		CE5B425C1C182CB900464FE6 /* sign_up_google.png */ = {isa = PBXFileReference; lastKnownFileType = image.png; path = sign_up_google.png; sourceTree = "<group>"; };
		CE5B425E1C182D0C00464FE6 /* sign_up_facebook@2x.png */ = {isa = PBXFileReference; lastKnownFileType = image.png; path = "sign_up_facebook@2x.png"; sourceTree = "<group>"; };
		CE5B42601C182D2800464FE6 /* sign_up_facebook.png */ = {isa = PBXFileReference; lastKnownFileType = image.png; path = sign_up_facebook.png; sourceTree = "<group>"; };
		CE5B42621C18326D00464FE6 /* mine_icon@2x.png */ = {isa = PBXFileReference; lastKnownFileType = image.png; path = "mine_icon@2x.png"; sourceTree = "<group>"; };
		CE5B42641C1832AC00464FE6 /* mine_icon.png */ = {isa = PBXFileReference; lastKnownFileType = image.png; path = mine_icon.png; sourceTree = "<group>"; };
		CE5B42661C1832DB00464FE6 /* group_icon@2x.png */ = {isa = PBXFileReference; lastKnownFileType = image.png; path = "group_icon@2x.png"; sourceTree = "<group>"; };
		CE5B42681C18330D00464FE6 /* group_icon.png */ = {isa = PBXFileReference; lastKnownFileType = image.png; path = group_icon.png; sourceTree = "<group>"; };
		CE5B426A1C18333A00464FE6 /* notification_icon@2x.png */ = {isa = PBXFileReference; lastKnownFileType = image.png; path = "notification_icon@2x.png"; sourceTree = "<group>"; };
		CE5C62561C1828DB00871E3D /* logo_icon@2x.png */ = {isa = PBXFileReference; lastKnownFileType = image.png; path = "logo_icon@2x.png"; sourceTree = "<group>"; };
		CE8EF31A1C168DF900AF7CCE /* DashboardCell.h */ = {isa = PBXFileReference; fileEncoding = 4; lastKnownFileType = sourcecode.c.h; path = DashboardCell.h; sourceTree = "<group>"; };
		CE8EF31B1C168DF900AF7CCE /* DashboardCell.m */ = {isa = PBXFileReference; fileEncoding = 4; lastKnownFileType = sourcecode.c.objc; path = DashboardCell.m; sourceTree = "<group>"; };
		CE8EF31C1C168DF900AF7CCE /* DashboardCell.xib */ = {isa = PBXFileReference; fileEncoding = 4; lastKnownFileType = file.xib; path = DashboardCell.xib; sourceTree = "<group>"; };
		CE8EF3211C1690A800AF7CCE /* graph_cell.png */ = {isa = PBXFileReference; lastKnownFileType = image.png; path = graph_cell.png; sourceTree = "<group>"; };
/* End PBXFileReference section */

/* Begin PBXFrameworksBuildPhase section */
		CE552A141C15914F00EA2A97 /* Frameworks */ = {
			isa = PBXFrameworksBuildPhase;
			buildActionMask = 2147483647;
			files = (
				CE394F561C185A4500FBE601 /* Bolts.framework in Frameworks */,
				CE394F591C185A4500FBE601 /* FBSDKCoreKit.framework in Frameworks */,
				CE394F5B1C185A4500FBE601 /* FBSDKShareKit.framework in Frameworks */,
				CE394F5A1C185A4500FBE601 /* FBSDKLoginKit.framework in Frameworks */,
				CE394F581C185A4500FBE601 /* FBAudienceNetwork.framework in Frameworks */,
			);
			runOnlyForDeploymentPostprocessing = 0;
		};
		CE552A2D1C15915500EA2A97 /* Frameworks */ = {
			isa = PBXFrameworksBuildPhase;
			buildActionMask = 2147483647;
			files = (
			);
			runOnlyForDeploymentPostprocessing = 0;
		};
		CE552A381C15915500EA2A97 /* Frameworks */ = {
			isa = PBXFrameworksBuildPhase;
			buildActionMask = 2147483647;
			files = (
			);
			runOnlyForDeploymentPostprocessing = 0;
		};
/* End PBXFrameworksBuildPhase section */

/* Begin PBXGroup section */
		CE394F381C18371500FBE601 /* Image3x */ = {
			isa = PBXGroup;
			children = (
				CE394F3B1C18381F00FBE601 /* dashboard_icon@3x.png */,
				CE394F391C1837BE00FBE601 /* profile_image@3x.png */,
				CE394F3D1C1838A000FBE601 /* group_icon@3x.png */,
				CE394F3F1C1838D900FBE601 /* mine_icon@3x.png */,
				CE394F411C18391100FBE601 /* sign_up_facebook@3x.png */,
				CE394F431C18394100FBE601 /* sign_up_google@3x.png */,
				CE394F451C18398800FBE601 /* logo_icon@3x.png */,
			);
			name = Image3x;
			sourceTree = "<group>";
		};
		CE394F471C1841CC00FBE601 /* Reachability */ = {
			isa = PBXGroup;
			children = (
				CE394F481C1841DF00FBE601 /* Reachability.h */,
				CE394F491C1841DF00FBE601 /* Reachability.m */,
			);
			name = Reachability;
			sourceTree = "<group>";
		};
		CE394F4B1C18466E00FBE601 /* Constants */ = {
			isa = PBXGroup;
			children = (
				CE394F4C1C18468000FBE601 /* Constants.h */,
				CE394F4D1C18468000FBE601 /* Constants.m */,
			);
			name = Constants;
			sourceTree = "<group>";
		};
		CE394F4F1C185A2500FBE601 /* Framework */ = {
			isa = PBXGroup;
			children = (
				CE394F501C185A4500FBE601 /* Bolts.framework */,
				CE394F511C185A4500FBE601 /* FacebookSDKStrings.bundle */,
				CE394F521C185A4500FBE601 /* FBAudienceNetwork.framework */,
				CE394F531C185A4500FBE601 /* FBSDKCoreKit.framework */,
				CE394F541C185A4500FBE601 /* FBSDKLoginKit.framework */,
				CE394F551C185A4500FBE601 /* FBSDKShareKit.framework */,
			);
			name = Framework;
			sourceTree = "<group>";
		};
		CE552A0E1C15914F00EA2A97 = {
			isa = PBXGroup;
			children = (
				CE394F4F1C185A2500FBE601 /* Framework */,
				CE394F4B1C18466E00FBE601 /* Constants */,
				CE394F471C1841CC00FBE601 /* Reachability */,
				CE394F381C18371500FBE601 /* Image3x */,
				CE5C62551C18289100871E3D /* Image2x */,
				CE5C62541C1827BF00871E3D /* Image1x */,
				CE552A5E1C15BEDC00EA2A97 /* DashboardScreen */,
				CE552A521C15979D00EA2A97 /* LoginScreen */,
				CE552A191C15914F00EA2A97 /* ShareMate */,
				CE552A331C15915500EA2A97 /* ShareMateTests */,
				CE552A3E1C15915600EA2A97 /* ShareMateUITests */,
				CE552A181C15914F00EA2A97 /* Products */,
			);
			sourceTree = "<group>";
		};
		CE552A181C15914F00EA2A97 /* Products */ = {
			isa = PBXGroup;
			children = (
				CE552A171C15914F00EA2A97 /* ShareMate.app */,
				CE552A301C15915500EA2A97 /* ShareMateTests.xctest */,
				CE552A3B1C15915500EA2A97 /* ShareMateUITests.xctest */,
			);
			name = Products;
			sourceTree = "<group>";
		};
		CE552A191C15914F00EA2A97 /* ShareMate */ = {
			isa = PBXGroup;
			children = (
				CE552A1D1C15914F00EA2A97 /* AppDelegate.h */,
				CE552A1E1C15914F00EA2A97 /* AppDelegate.m */,
				CE552A201C15914F00EA2A97 /* ViewController.h */,
				CE552A211C15914F00EA2A97 /* ViewController.m */,
				CE552A231C15914F00EA2A97 /* Main.storyboard */,
				CE552A261C15915000EA2A97 /* Assets.xcassets */,
				CE552A281C15915000EA2A97 /* LaunchScreen.storyboard */,
				CE552A2B1C15915000EA2A97 /* Info.plist */,
				CE552A1A1C15914F00EA2A97 /* Supporting Files */,
			);
			path = ShareMate;
			sourceTree = "<group>";
		};
		CE552A1A1C15914F00EA2A97 /* Supporting Files */ = {
			isa = PBXGroup;
			children = (
				CE552A1B1C15914F00EA2A97 /* main.m */,
			);
			name = "Supporting Files";
			sourceTree = "<group>";
		};
		CE552A331C15915500EA2A97 /* ShareMateTests */ = {
			isa = PBXGroup;
			children = (
				CE552A341C15915500EA2A97 /* ShareMateTests.m */,
				CE552A361C15915500EA2A97 /* Info.plist */,
			);
			path = ShareMateTests;
			sourceTree = "<group>";
		};
		CE552A3E1C15915600EA2A97 /* ShareMateUITests */ = {
			isa = PBXGroup;
			children = (
				CE552A3F1C15915600EA2A97 /* ShareMateUITests.m */,
				CE552A411C15915600EA2A97 /* Info.plist */,
			);
			path = ShareMateUITests;
			sourceTree = "<group>";
		};
		CE552A521C15979D00EA2A97 /* LoginScreen */ = {
			isa = PBXGroup;
			children = (
				CE552A551C1597BD00EA2A97 /* LoginViewController.h */,
				CE552A561C1597BD00EA2A97 /* LoginViewController.m */,
			);
			name = LoginScreen;
			sourceTree = "<group>";
		};
		CE552A5E1C15BEDC00EA2A97 /* DashboardScreen */ = {
			isa = PBXGroup;
			children = (
				CE8EF3211C1690A800AF7CCE /* graph_cell.png */,
				CE552A5F1C15BEFF00EA2A97 /* DashboardViewController.h */,
				CE552A601C15BEFF00EA2A97 /* DashboardViewController.m */,
				CE8EF31A1C168DF900AF7CCE /* DashboardCell.h */,
				CE8EF31B1C168DF900AF7CCE /* DashboardCell.m */,
				CE8EF31C1C168DF900AF7CCE /* DashboardCell.xib */,
			);
			name = DashboardScreen;
			sourceTree = "<group>";
		};
		CE5C62541C1827BF00871E3D /* Image1x */ = {
			isa = PBXGroup;
			children = (
				CE394F361C18363200FBE601 /* profile_image.png */,
				CE1C3F3F1C18342200F0402F /* dashboard_icon.png */,
				CE5B42681C18330D00464FE6 /* group_icon.png */,
				CE1C3F3B1C1833C000F0402F /* notification_icon.png */,
				CE5B42641C1832AC00464FE6 /* mine_icon.png */,
				CE5B42601C182D2800464FE6 /* sign_up_facebook.png */,
				CE5B425C1C182CB900464FE6 /* sign_up_google.png */,
				CE4024FD1C18297C0044C8AC /* logo_icon.png */,
			);
			name = Image1x;
			sourceTree = "<group>";
		};
		CE5C62551C18289100871E3D /* Image2x */ = {
			isa = PBXGroup;
			children = (
				CE1C3F3D1C18340500F0402F /* dashboard_icon@2x.png */,
				CE5B426A1C18333A00464FE6 /* notification_icon@2x.png */,
				CE5B42621C18326D00464FE6 /* mine_icon@2x.png */,
				CE5C62561C1828DB00871E3D /* logo_icon@2x.png */,
				CE4024FF1C182C0A0044C8AC /* sign_up_google@2x.png */,
				CE5B425E1C182D0C00464FE6 /* sign_up_facebook@2x.png */,
				CE5B42661C1832DB00464FE6 /* group_icon@2x.png */,
				CE1C3F411C1835AB00F0402F /* profile_image@2x.png */,
			);
			name = Image2x;
			sourceTree = "<group>";
		};
/* End PBXGroup section */

/* Begin PBXNativeTarget section */
		CE552A161C15914F00EA2A97 /* ShareMate */ = {
			isa = PBXNativeTarget;
			buildConfigurationList = CE552A441C15915600EA2A97 /* Build configuration list for PBXNativeTarget "ShareMate" */;
			buildPhases = (
				CE552A131C15914F00EA2A97 /* Sources */,
				CE552A141C15914F00EA2A97 /* Frameworks */,
				CE552A151C15914F00EA2A97 /* Resources */,
			);
			buildRules = (
			);
			dependencies = (
			);
			name = ShareMate;
			productName = ShareMate;
			productReference = CE552A171C15914F00EA2A97 /* ShareMate.app */;
			productType = "com.apple.product-type.application";
		};
		CE552A2F1C15915500EA2A97 /* ShareMateTests */ = {
			isa = PBXNativeTarget;
			buildConfigurationList = CE552A471C15915600EA2A97 /* Build configuration list for PBXNativeTarget "ShareMateTests" */;
			buildPhases = (
				CE552A2C1C15915500EA2A97 /* Sources */,
				CE552A2D1C15915500EA2A97 /* Frameworks */,
				CE552A2E1C15915500EA2A97 /* Resources */,
			);
			buildRules = (
			);
			dependencies = (
				CE552A321C15915500EA2A97 /* PBXTargetDependency */,
			);
			name = ShareMateTests;
			productName = ShareMateTests;
			productReference = CE552A301C15915500EA2A97 /* ShareMateTests.xctest */;
			productType = "com.apple.product-type.bundle.unit-test";
		};
		CE552A3A1C15915500EA2A97 /* ShareMateUITests */ = {
			isa = PBXNativeTarget;
			buildConfigurationList = CE552A4A1C15915600EA2A97 /* Build configuration list for PBXNativeTarget "ShareMateUITests" */;
			buildPhases = (
				CE552A371C15915500EA2A97 /* Sources */,
				CE552A381C15915500EA2A97 /* Frameworks */,
				CE552A391C15915500EA2A97 /* Resources */,
			);
			buildRules = (
			);
			dependencies = (
				CE552A3D1C15915500EA2A97 /* PBXTargetDependency */,
			);
			name = ShareMateUITests;
			productName = ShareMateUITests;
			productReference = CE552A3B1C15915500EA2A97 /* ShareMateUITests.xctest */;
			productType = "com.apple.product-type.bundle.ui-testing";
		};
/* End PBXNativeTarget section */

/* Begin PBXProject section */
		CE552A0F1C15914F00EA2A97 /* Project object */ = {
			isa = PBXProject;
			attributes = {
				LastUpgradeCheck = 0710;
				ORGANIZATIONNAME = RVTECHNOLOGIES;
				TargetAttributes = {
					CE552A161C15914F00EA2A97 = {
						CreatedOnToolsVersion = 7.1;
					};
					CE552A2F1C15915500EA2A97 = {
						CreatedOnToolsVersion = 7.1;
						TestTargetID = CE552A161C15914F00EA2A97;
					};
					CE552A3A1C15915500EA2A97 = {
						CreatedOnToolsVersion = 7.1;
						TestTargetID = CE552A161C15914F00EA2A97;
					};
				};
			};
			buildConfigurationList = CE552A121C15914F00EA2A97 /* Build configuration list for PBXProject "ShareMate" */;
			compatibilityVersion = "Xcode 3.2";
			developmentRegion = English;
			hasScannedForEncodings = 0;
			knownRegions = (
				en,
				Base,
			);
			mainGroup = CE552A0E1C15914F00EA2A97;
			productRefGroup = CE552A181C15914F00EA2A97 /* Products */;
			projectDirPath = "";
			projectRoot = "";
			targets = (
				CE552A161C15914F00EA2A97 /* ShareMate */,
				CE552A2F1C15915500EA2A97 /* ShareMateTests */,
				CE552A3A1C15915500EA2A97 /* ShareMateUITests */,
			);
		};
/* End PBXProject section */

/* Begin PBXResourcesBuildPhase section */
		CE552A151C15914F00EA2A97 /* Resources */ = {
			isa = PBXResourcesBuildPhase;
			buildActionMask = 2147483647;
			files = (
				CE552A2A1C15915000EA2A97 /* LaunchScreen.storyboard in Resources */,
				CE394F421C18391100FBE601 /* sign_up_facebook@3x.png in Resources */,
				CE1C3F3C1C1833C000F0402F /* notification_icon.png in Resources */,
				CE5B425D1C182CB900464FE6 /* sign_up_google.png in Resources */,
				CE5C62571C1828DB00871E3D /* logo_icon@2x.png in Resources */,
				CE8EF3221C1690A800AF7CCE /* graph_cell.png in Resources */,
				CE394F401C1838D900FBE601 /* mine_icon@3x.png in Resources */,
				CE5B42671C1832DB00464FE6 /* group_icon@2x.png in Resources */,
				CE5B42611C182D2800464FE6 /* sign_up_facebook.png in Resources */,
				CE394F441C18394100FBE601 /* sign_up_google@3x.png in Resources */,
				CE552A271C15915000EA2A97 /* Assets.xcassets in Resources */,
				CE5B42631C18326D00464FE6 /* mine_icon@2x.png in Resources */,
				CE4024FE1C18297C0044C8AC /* logo_icon.png in Resources */,
				CE1C3F421C1835AB00F0402F /* profile_image@2x.png in Resources */,
				CE4025001C182C0A0044C8AC /* sign_up_google@2x.png in Resources */,
				CE394F3E1C1838A000FBE601 /* group_icon@3x.png in Resources */,
				CE1C3F401C18342200F0402F /* dashboard_icon.png in Resources */,
				CE394F371C18363200FBE601 /* profile_image.png in Resources */,
				CE394F571C185A4500FBE601 /* FacebookSDKStrings.bundle in Resources */,
				CE5B425F1C182D0C00464FE6 /* sign_up_facebook@2x.png in Resources */,
				CE8EF31E1C168DF900AF7CCE /* DashboardCell.xib in Resources */,
				CE5B42651C1832AC00464FE6 /* mine_icon.png in Resources */,
				CE1C3F3E1C18340500F0402F /* dashboard_icon@2x.png in Resources */,
				CE552A251C15914F00EA2A97 /* Main.storyboard in Resources */,
				CE394F461C18398800FBE601 /* logo_icon@3x.png in Resources */,
				CE394F3A1C1837BE00FBE601 /* profile_image@3x.png in Resources */,
				CE5B426B1C18333A00464FE6 /* notification_icon@2x.png in Resources */,
				CE5B42691C18330D00464FE6 /* group_icon.png in Resources */,
				CE394F3C1C18381F00FBE601 /* dashboard_icon@3x.png in Resources */,
			);
			runOnlyForDeploymentPostprocessing = 0;
		};
		CE552A2E1C15915500EA2A97 /* Resources */ = {
			isa = PBXResourcesBuildPhase;
			buildActionMask = 2147483647;
			files = (
			);
			runOnlyForDeploymentPostprocessing = 0;
		};
		CE552A391C15915500EA2A97 /* Resources */ = {
			isa = PBXResourcesBuildPhase;
			buildActionMask = 2147483647;
			files = (
			);
			runOnlyForDeploymentPostprocessing = 0;
		};
/* End PBXResourcesBuildPhase section */

/* Begin PBXSourcesBuildPhase section */
		CE552A131C15914F00EA2A97 /* Sources */ = {
			isa = PBXSourcesBuildPhase;
			buildActionMask = 2147483647;
			files = (
				CE552A611C15BEFF00EA2A97 /* DashboardViewController.m in Sources */,
				CE552A571C1597BD00EA2A97 /* LoginViewController.m in Sources */,
				CE552A221C15914F00EA2A97 /* ViewController.m in Sources */,
				CE394F4E1C18468000FBE601 /* Constants.m in Sources */,
				CE394F4A1C1841DF00FBE601 /* Reachability.m in Sources */,
				CE552A1F1C15914F00EA2A97 /* AppDelegate.m in Sources */,
				CE8EF31D1C168DF900AF7CCE /* DashboardCell.m in Sources */,
				CE552A1C1C15914F00EA2A97 /* main.m in Sources */,
			);
			runOnlyForDeploymentPostprocessing = 0;
		};
		CE552A2C1C15915500EA2A97 /* Sources */ = {
			isa = PBXSourcesBuildPhase;
			buildActionMask = 2147483647;
			files = (
				CE552A351C15915500EA2A97 /* ShareMateTests.m in Sources */,
			);
			runOnlyForDeploymentPostprocessing = 0;
		};
		CE552A371C15915500EA2A97 /* Sources */ = {
			isa = PBXSourcesBuildPhase;
			buildActionMask = 2147483647;
			files = (
				CE552A401C15915600EA2A97 /* ShareMateUITests.m in Sources */,
			);
			runOnlyForDeploymentPostprocessing = 0;
		};
/* End PBXSourcesBuildPhase section */

/* Begin PBXTargetDependency section */
		CE552A321C15915500EA2A97 /* PBXTargetDependency */ = {
			isa = PBXTargetDependency;
			target = CE552A161C15914F00EA2A97 /* ShareMate */;
			targetProxy = CE552A311C15915500EA2A97 /* PBXContainerItemProxy */;
		};
		CE552A3D1C15915500EA2A97 /* PBXTargetDependency */ = {
			isa = PBXTargetDependency;
			target = CE552A161C15914F00EA2A97 /* ShareMate */;
			targetProxy = CE552A3C1C15915500EA2A97 /* PBXContainerItemProxy */;
		};
/* End PBXTargetDependency section */

/* Begin PBXVariantGroup section */
		CE552A231C15914F00EA2A97 /* Main.storyboard */ = {
			isa = PBXVariantGroup;
			children = (
				CE552A241C15914F00EA2A97 /* Base */,
			);
			name = Main.storyboard;
			sourceTree = "<group>";
		};
		CE552A281C15915000EA2A97 /* LaunchScreen.storyboard */ = {
			isa = PBXVariantGroup;
			children = (
				CE552A291C15915000EA2A97 /* Base */,
			);
			name = LaunchScreen.storyboard;
			sourceTree = "<group>";
		};
/* End PBXVariantGroup section */

/* Begin XCBuildConfiguration section */
		CE552A421C15915600EA2A97 /* Debug */ = {
			isa = XCBuildConfiguration;
			buildSettings = {
				ALWAYS_SEARCH_USER_PATHS = NO;
				CLANG_CXX_LANGUAGE_STANDARD = "gnu++0x";
				CLANG_CXX_LIBRARY = "libc++";
				CLANG_ENABLE_MODULES = YES;
				CLANG_ENABLE_OBJC_ARC = YES;
				CLANG_WARN_BOOL_CONVERSION = YES;
				CLANG_WARN_CONSTANT_CONVERSION = YES;
				CLANG_WARN_DIRECT_OBJC_ISA_USAGE = YES_ERROR;
				CLANG_WARN_EMPTY_BODY = YES;
				CLANG_WARN_ENUM_CONVERSION = YES;
				CLANG_WARN_INT_CONVERSION = YES;
				CLANG_WARN_OBJC_ROOT_CLASS = YES_ERROR;
				CLANG_WARN_UNREACHABLE_CODE = YES;
				CLANG_WARN__DUPLICATE_METHOD_MATCH = YES;
				"CODE_SIGN_IDENTITY[sdk=iphoneos*]" = "iPhone Developer";
				COPY_PHASE_STRIP = NO;
				DEBUG_INFORMATION_FORMAT = dwarf;
				ENABLE_STRICT_OBJC_MSGSEND = YES;
				ENABLE_TESTABILITY = YES;
				GCC_C_LANGUAGE_STANDARD = gnu99;
				GCC_DYNAMIC_NO_PIC = NO;
				GCC_NO_COMMON_BLOCKS = YES;
				GCC_OPTIMIZATION_LEVEL = 0;
				GCC_PREPROCESSOR_DEFINITIONS = (
					"DEBUG=1",
					"$(inherited)",
				);
				GCC_WARN_64_TO_32_BIT_CONVERSION = YES;
				GCC_WARN_ABOUT_RETURN_TYPE = YES_ERROR;
				GCC_WARN_UNDECLARED_SELECTOR = YES;
				GCC_WARN_UNINITIALIZED_AUTOS = YES_AGGRESSIVE;
				GCC_WARN_UNUSED_FUNCTION = YES;
				GCC_WARN_UNUSED_VARIABLE = YES;
				IPHONEOS_DEPLOYMENT_TARGET = 9.1;
				MTL_ENABLE_DEBUG_INFO = YES;
				ONLY_ACTIVE_ARCH = YES;
				SDKROOT = iphoneos;
			};
			name = Debug;
		};
		CE552A431C15915600EA2A97 /* Release */ = {
			isa = XCBuildConfiguration;
			buildSettings = {
				ALWAYS_SEARCH_USER_PATHS = NO;
				CLANG_CXX_LANGUAGE_STANDARD = "gnu++0x";
				CLANG_CXX_LIBRARY = "libc++";
				CLANG_ENABLE_MODULES = YES;
				CLANG_ENABLE_OBJC_ARC = YES;
				CLANG_WARN_BOOL_CONVERSION = YES;
				CLANG_WARN_CONSTANT_CONVERSION = YES;
				CLANG_WARN_DIRECT_OBJC_ISA_USAGE = YES_ERROR;
				CLANG_WARN_EMPTY_BODY = YES;
				CLANG_WARN_ENUM_CONVERSION = YES;
				CLANG_WARN_INT_CONVERSION = YES;
				CLANG_WARN_OBJC_ROOT_CLASS = YES_ERROR;
				CLANG_WARN_UNREACHABLE_CODE = YES;
				CLANG_WARN__DUPLICATE_METHOD_MATCH = YES;
				"CODE_SIGN_IDENTITY[sdk=iphoneos*]" = "iPhone Developer";
				COPY_PHASE_STRIP = NO;
				DEBUG_INFORMATION_FORMAT = "dwarf-with-dsym";
				ENABLE_NS_ASSERTIONS = NO;
				ENABLE_STRICT_OBJC_MSGSEND = YES;
				GCC_C_LANGUAGE_STANDARD = gnu99;
				GCC_NO_COMMON_BLOCKS = YES;
				GCC_WARN_64_TO_32_BIT_CONVERSION = YES;
				GCC_WARN_ABOUT_RETURN_TYPE = YES_ERROR;
				GCC_WARN_UNDECLARED_SELECTOR = YES;
				GCC_WARN_UNINITIALIZED_AUTOS = YES_AGGRESSIVE;
				GCC_WARN_UNUSED_FUNCTION = YES;
				GCC_WARN_UNUSED_VARIABLE = YES;
				IPHONEOS_DEPLOYMENT_TARGET = 9.1;
				MTL_ENABLE_DEBUG_INFO = NO;
				SDKROOT = iphoneos;
				VALIDATE_PRODUCT = YES;
			};
			name = Release;
		};
		CE552A451C15915600EA2A97 /* Debug */ = {
			isa = XCBuildConfiguration;
			buildSettings = {
				ASSETCATALOG_COMPILER_APPICON_NAME = AppIcon;
				FRAMEWORK_SEARCH_PATHS = (
					"$(inherited)",
					"$(PROJECT_DIR)",
				);
				INFOPLIST_FILE = ShareMate/Info.plist;
				IPHONEOS_DEPLOYMENT_TARGET = 7.1;
				LD_RUNPATH_SEARCH_PATHS = "$(inherited) @executable_path/Frameworks";
				PRODUCT_BUNDLE_IDENTIFIER = com.deepak.ShareMate;
				PRODUCT_NAME = "$(TARGET_NAME)";
				PROVISIONING_PROFILE = "dba80457-ba25-4751-9209-8102528b81a0";
			};
			name = Debug;
		};
		CE552A461C15915600EA2A97 /* Release */ = {
			isa = XCBuildConfiguration;
			buildSettings = {
				ASSETCATALOG_COMPILER_APPICON_NAME = AppIcon;
				FRAMEWORK_SEARCH_PATHS = (
					"$(inherited)",
					"$(PROJECT_DIR)",
				);
				INFOPLIST_FILE = ShareMate/Info.plist;
				IPHONEOS_DEPLOYMENT_TARGET = 7.1;
				LD_RUNPATH_SEARCH_PATHS = "$(inherited) @executable_path/Frameworks";
				PRODUCT_BUNDLE_IDENTIFIER = com.deepak.ShareMate;
				PRODUCT_NAME = "$(TARGET_NAME)";
				PROVISIONING_PROFILE = "dba80457-ba25-4751-9209-8102528b81a0";
			};
			name = Release;
		};
		CE552A481C15915600EA2A97 /* Debug */ = {
			isa = XCBuildConfiguration;
			buildSettings = {
				BUNDLE_LOADER = "$(TEST_HOST)";
				INFOPLIST_FILE = ShareMateTests/Info.plist;
				LD_RUNPATH_SEARCH_PATHS = "$(inherited) @executable_path/Frameworks @loader_path/Frameworks";
				PRODUCT_BUNDLE_IDENTIFIER = RVTECH.ShareMateTests;
				PRODUCT_NAME = "$(TARGET_NAME)";
				TEST_HOST = "$(BUILT_PRODUCTS_DIR)/ShareMate.app/ShareMate";
			};
			name = Debug;
		};
		CE552A491C15915600EA2A97 /* Release */ = {
			isa = XCBuildConfiguration;
			buildSettings = {
				BUNDLE_LOADER = "$(TEST_HOST)";
				INFOPLIST_FILE = ShareMateTests/Info.plist;
				LD_RUNPATH_SEARCH_PATHS = "$(inherited) @executable_path/Frameworks @loader_path/Frameworks";
				PRODUCT_BUNDLE_IDENTIFIER = RVTECH.ShareMateTests;
				PRODUCT_NAME = "$(TARGET_NAME)";
				TEST_HOST = "$(BUILT_PRODUCTS_DIR)/ShareMate.app/ShareMate";
			};
			name = Release;
		};
		CE552A4B1C15915600EA2A97 /* Debug */ = {
			isa = XCBuildConfiguration;
			buildSettings = {
				INFOPLIST_FILE = ShareMateUITests/Info.plist;
				LD_RUNPATH_SEARCH_PATHS = "$(inherited) @executable_path/Frameworks @loader_path/Frameworks";
				PRODUCT_BUNDLE_IDENTIFIER = RVTECH.ShareMateUITests;
				PRODUCT_NAME = "$(TARGET_NAME)";
				TEST_TARGET_NAME = ShareMate;
				USES_XCTRUNNER = YES;
			};
			name = Debug;
		};
		CE552A4C1C15915600EA2A97 /* Release */ = {
			isa = XCBuildConfiguration;
			buildSettings = {
				INFOPLIST_FILE = ShareMateUITests/Info.plist;
				LD_RUNPATH_SEARCH_PATHS = "$(inherited) @executable_path/Frameworks @loader_path/Frameworks";
				PRODUCT_BUNDLE_IDENTIFIER = RVTECH.ShareMateUITests;
				PRODUCT_NAME = "$(TARGET_NAME)";
				TEST_TARGET_NAME = ShareMate;
				USES_XCTRUNNER = YES;
			};
			name = Release;
		};
/* End XCBuildConfiguration section */

/* Begin XCConfigurationList section */
		CE552A121C15914F00EA2A97 /* Build configuration list for PBXProject "ShareMate" */ = {
			isa = XCConfigurationList;
			buildConfigurations = (
				CE552A421C15915600EA2A97 /* Debug */,
				CE552A431C15915600EA2A97 /* Release */,
			);
			defaultConfigurationIsVisible = 0;
			defaultConfigurationName = Release;
		};
		CE552A441C15915600EA2A97 /* Build configuration list for PBXNativeTarget "ShareMate" */ = {
			isa = XCConfigurationList;
			buildConfigurations = (
				CE552A451C15915600EA2A97 /* Debug */,
				CE552A461C15915600EA2A97 /* Release */,
			);
			defaultConfigurationIsVisible = 0;
			defaultConfigurationName = Release;
		};
		CE552A471C15915600EA2A97 /* Build configuration list for PBXNativeTarget "ShareMateTests" */ = {
			isa = XCConfigurationList;
			buildConfigurations = (
				CE552A481C15915600EA2A97 /* Debug */,
				CE552A491C15915600EA2A97 /* Release */,
			);
			defaultConfigurationIsVisible = 0;
			defaultConfigurationName = Release;
		};
		CE552A4A1C15915600EA2A97 /* Build configuration list for PBXNativeTarget "ShareMateUITests" */ = {
			isa = XCConfigurationList;
			buildConfigurations = (
				CE552A4B1C15915600EA2A97 /* Debug */,
				CE552A4C1C15915600EA2A97 /* Release */,
			);
			defaultConfigurationIsVisible = 0;
			defaultConfigurationName = Release;
		};
/* End XCConfigurationList section */
	};
	rootObject = CE552A0F1C15914F00EA2A97 /* Project object */;
}
